
Microsoft Visual Studio Solution File, Format Version 12.00
# Visual Studio 15
VisualStudioVersion = 15.0.28307.1738
MinimumVisualStudioVersion = 10.0.40219.1
Project("{FAE04EC0-301F-11D3-BF4B-00C04F79EFBC}") = "Exercicio8", "Exercicio8\Exercicio8.csproj", "{8F5B14F3-3989-4FFB-9797-C82361BAEF68}"
EndProject
Global
	GlobalSection(SolutionConfigurationPlatforms) = preSolution
		Debug|Any CPU = Debug|Any CPU
		Release|Any CPU = Release|Any CPU
	EndGlobalSection
	GlobalSection(ProjectConfigurationPlatforms) = postSolution
		{8F5B14F3-3989-4FFB-9797-C82361BAEF68}.Debug|Any CPU.ActiveCfg = Debug|Any CPU
		{8F5B14F3-3989-4FFB-9797-C82361BAEF68}.Debug|Any CPU.Build.0 = Debug|Any CPU
		{8F5B14F3-3989-4FFB-9797-C82361BAEF68}.Release|Any CPU.ActiveCfg = Release|Any CPU
		{8F5B14F3-3989-4FFB-9797-C82361BAEF68}.Release|Any CPU.Build.0 = Release|Any CPU
	EndGlobalSection
	GlobalSection(SolutionProperties) = preSolution
		HideSolutionNode = FALSE
	EndGlobalSection
	GlobalSection(ExtensibilityGlobals) = postSolution
		SolutionGuid = {38B7C233-104F-4FA8-AB41-879B13EE7CE4}
	EndGlobalSection
EndGlobal
