
Microsoft Visual Studio Solution File, Format Version 12.00
# Visual Studio Version 17
VisualStudioVersion = 17.3.32819.101
MinimumVisualStudioVersion = 10.0.40219.1
Project("{FAE04EC0-301F-11D3-BF4B-00C04F79EFBC}") = "ConsoleApp1", "ConsoleApp1\ConsoleApp1.csproj", "{AFDEEFA8-2B3A-472E-ACAD-AF6EC3674EDD}"
EndProject
Global
	GlobalSection(SolutionConfigurationPlatforms) = preSolution
		Debug|Any CPU = Debug|Any CPU
		Release|Any CPU = Release|Any CPU
	EndGlobalSection
	GlobalSection(ProjectConfigurationPlatforms) = postSolution
		{AFDEEFA8-2B3A-472E-ACAD-AF6EC3674EDD}.Debug|Any CPU.ActiveCfg = Debug|Any CPU
		{AFDEEFA8-2B3A-472E-ACAD-AF6EC3674EDD}.Debug|Any CPU.Build.0 = Debug|Any CPU
		{AFDEEFA8-2B3A-472E-ACAD-AF6EC3674EDD}.Release|Any CPU.ActiveCfg = Release|Any CPU
		{AFDEEFA8-2B3A-472E-ACAD-AF6EC3674EDD}.Release|Any CPU.Build.0 = Release|Any CPU
	EndGlobalSection
	GlobalSection(SolutionProperties) = preSolution
		HideSolutionNode = FALSE
	EndGlobalSection
	GlobalSection(ExtensibilityGlobals) = postSolution
		SolutionGuid = {E044671C-11FC-4D2A-8E3A-458DE1ECD92F}
	EndGlobalSection
EndGlobal
