
Microsoft Visual Studio Solution File, Format Version 12.00
# Visual Studio 15
VisualStudioVersion = 15.0.28307.1738
MinimumVisualStudioVersion = 10.0.40219.1
Project("{FAE04EC0-301F-11D3-BF4B-00C04F79EFBC}") = "SegundoExercicio", "SegundoExercicio\SegundoExercicio.csproj", "{464A2CD2-D5D2-4228-A76C-A59B8D72CA8F}"
EndProject
Global
	GlobalSection(SolutionConfigurationPlatforms) = preSolution
		Debug|Any CPU = Debug|Any CPU
		Release|Any CPU = Release|Any CPU
	EndGlobalSection
	GlobalSection(ProjectConfigurationPlatforms) = postSolution
		{464A2CD2-D5D2-4228-A76C-A59B8D72CA8F}.Debug|Any CPU.ActiveCfg = Debug|Any CPU
		{464A2CD2-D5D2-4228-A76C-A59B8D72CA8F}.Debug|Any CPU.Build.0 = Debug|Any CPU
		{464A2CD2-D5D2-4228-A76C-A59B8D72CA8F}.Release|Any CPU.ActiveCfg = Release|Any CPU
		{464A2CD2-D5D2-4228-A76C-A59B8D72CA8F}.Release|Any CPU.Build.0 = Release|Any CPU
	EndGlobalSection
	GlobalSection(SolutionProperties) = preSolution
		HideSolutionNode = FALSE
	EndGlobalSection
	GlobalSection(ExtensibilityGlobals) = postSolution
		SolutionGuid = {0B890D5B-34C3-4E7B-BAE9-98AFAAF96D3F}
	EndGlobalSection
EndGlobal
