
Microsoft Visual Studio Solution File, Format Version 12.00
# Visual Studio 15
VisualStudioVersion = 15.0.28307.1738
MinimumVisualStudioVersion = 10.0.40219.1
Project("{FAE04EC0-301F-11D3-BF4B-00C04F79EFBC}") = "exercicio3", "exercicio3\exercicio3.csproj", "{0891E715-9C47-4A20-8F9E-A05B76A6D65D}"
EndProject
Global
	GlobalSection(SolutionConfigurationPlatforms) = preSolution
		Debug|Any CPU = Debug|Any CPU
		Release|Any CPU = Release|Any CPU
	EndGlobalSection
	GlobalSection(ProjectConfigurationPlatforms) = postSolution
		{0891E715-9C47-4A20-8F9E-A05B76A6D65D}.Debug|Any CPU.ActiveCfg = Debug|Any CPU
		{0891E715-9C47-4A20-8F9E-A05B76A6D65D}.Debug|Any CPU.Build.0 = Debug|Any CPU
		{0891E715-9C47-4A20-8F9E-A05B76A6D65D}.Release|Any CPU.ActiveCfg = Release|Any CPU
		{0891E715-9C47-4A20-8F9E-A05B76A6D65D}.Release|Any CPU.Build.0 = Release|Any CPU
	EndGlobalSection
	GlobalSection(SolutionProperties) = preSolution
		HideSolutionNode = FALSE
	EndGlobalSection
	GlobalSection(ExtensibilityGlobals) = postSolution
		SolutionGuid = {06F61CFE-A6F0-4ACF-A8FC-E8CC1DDE75D4}
	EndGlobalSection
EndGlobal
