
Microsoft Visual Studio Solution File, Format Version 12.00
# Visual Studio 15
VisualStudioVersion = 15.0.28307.1738
MinimumVisualStudioVersion = 10.0.40219.1
Project("{FAE04EC0-301F-11D3-BF4B-00C04F79EFBC}") = "while", "while\while.csproj", "{079F93B3-3ECF-4385-A7F6-510BB36B9712}"
EndProject
Global
	GlobalSection(SolutionConfigurationPlatforms) = preSolution
		Debug|Any CPU = Debug|Any CPU
		Release|Any CPU = Release|Any CPU
	EndGlobalSection
	GlobalSection(ProjectConfigurationPlatforms) = postSolution
		{079F93B3-3ECF-4385-A7F6-510BB36B9712}.Debug|Any CPU.ActiveCfg = Debug|Any CPU
		{079F93B3-3ECF-4385-A7F6-510BB36B9712}.Debug|Any CPU.Build.0 = Debug|Any CPU
		{079F93B3-3ECF-4385-A7F6-510BB36B9712}.Release|Any CPU.ActiveCfg = Release|Any CPU
		{079F93B3-3ECF-4385-A7F6-510BB36B9712}.Release|Any CPU.Build.0 = Release|Any CPU
	EndGlobalSection
	GlobalSection(SolutionProperties) = preSolution
		HideSolutionNode = FALSE
	EndGlobalSection
	GlobalSection(ExtensibilityGlobals) = postSolution
		SolutionGuid = {E332DFFF-D108-4388-8EC2-25A4D8801B39}
	EndGlobalSection
EndGlobal
