
Microsoft Visual Studio Solution File, Format Version 12.00
# Visual Studio 15
VisualStudioVersion = 15.0.28307.1738
MinimumVisualStudioVersion = 10.0.40219.1
Project("{FAE04EC0-301F-11D3-BF4B-00C04F79EFBC}") = "Exercicio6", "Exercicio6\Exercicio6.csproj", "{3DA6F437-A281-44F0-8423-282E24B5E1AE}"
EndProject
Global
	GlobalSection(SolutionConfigurationPlatforms) = preSolution
		Debug|Any CPU = Debug|Any CPU
		Release|Any CPU = Release|Any CPU
	EndGlobalSection
	GlobalSection(ProjectConfigurationPlatforms) = postSolution
		{3DA6F437-A281-44F0-8423-282E24B5E1AE}.Debug|Any CPU.ActiveCfg = Debug|Any CPU
		{3DA6F437-A281-44F0-8423-282E24B5E1AE}.Debug|Any CPU.Build.0 = Debug|Any CPU
		{3DA6F437-A281-44F0-8423-282E24B5E1AE}.Release|Any CPU.ActiveCfg = Release|Any CPU
		{3DA6F437-A281-44F0-8423-282E24B5E1AE}.Release|Any CPU.Build.0 = Release|Any CPU
	EndGlobalSection
	GlobalSection(SolutionProperties) = preSolution
		HideSolutionNode = FALSE
	EndGlobalSection
	GlobalSection(ExtensibilityGlobals) = postSolution
		SolutionGuid = {9E20CBFC-D2CD-44D0-A2A9-9F89BE24C4A8}
	EndGlobalSection
EndGlobal
