
Microsoft Visual Studio Solution File, Format Version 12.00
# Visual Studio 15
VisualStudioVersion = 15.0.28307.1738
MinimumVisualStudioVersion = 10.0.40219.1
Project("{FAE04EC0-301F-11D3-BF4B-00C04F79EFBC}") = "num_impar", "num_impar\num_impar.csproj", "{84C64F45-2C85-4BB9-9B5A-A13BB4F92783}"
EndProject
Global
	GlobalSection(SolutionConfigurationPlatforms) = preSolution
		Debug|Any CPU = Debug|Any CPU
		Release|Any CPU = Release|Any CPU
	EndGlobalSection
	GlobalSection(ProjectConfigurationPlatforms) = postSolution
		{84C64F45-2C85-4BB9-9B5A-A13BB4F92783}.Debug|Any CPU.ActiveCfg = Debug|Any CPU
		{84C64F45-2C85-4BB9-9B5A-A13BB4F92783}.Debug|Any CPU.Build.0 = Debug|Any CPU
		{84C64F45-2C85-4BB9-9B5A-A13BB4F92783}.Release|Any CPU.ActiveCfg = Release|Any CPU
		{84C64F45-2C85-4BB9-9B5A-A13BB4F92783}.Release|Any CPU.Build.0 = Release|Any CPU
	EndGlobalSection
	GlobalSection(SolutionProperties) = preSolution
		HideSolutionNode = FALSE
	EndGlobalSection
	GlobalSection(ExtensibilityGlobals) = postSolution
		SolutionGuid = {F562C7B5-437F-4E7F-9873-ED3F3226B1A0}
	EndGlobalSection
EndGlobal
