
Microsoft Visual Studio Solution File, Format Version 12.00
# Visual Studio 15
VisualStudioVersion = 15.0.28307.1738
MinimumVisualStudioVersion = 10.0.40219.1
Project("{FAE04EC0-301F-11D3-BF4B-00C04F79EFBC}") = "repeticao1", "repeticao1\repeticao1.csproj", "{1F8DBBA4-09D8-413B-8E11-2BCA91EFC81A}"
EndProject
Global
	GlobalSection(SolutionConfigurationPlatforms) = preSolution
		Debug|Any CPU = Debug|Any CPU
		Release|Any CPU = Release|Any CPU
	EndGlobalSection
	GlobalSection(ProjectConfigurationPlatforms) = postSolution
		{1F8DBBA4-09D8-413B-8E11-2BCA91EFC81A}.Debug|Any CPU.ActiveCfg = Debug|Any CPU
		{1F8DBBA4-09D8-413B-8E11-2BCA91EFC81A}.Debug|Any CPU.Build.0 = Debug|Any CPU
		{1F8DBBA4-09D8-413B-8E11-2BCA91EFC81A}.Release|Any CPU.ActiveCfg = Release|Any CPU
		{1F8DBBA4-09D8-413B-8E11-2BCA91EFC81A}.Release|Any CPU.Build.0 = Release|Any CPU
	EndGlobalSection
	GlobalSection(SolutionProperties) = preSolution
		HideSolutionNode = FALSE
	EndGlobalSection
	GlobalSection(ExtensibilityGlobals) = postSolution
		SolutionGuid = {20DAF1B5-EB9C-4BA0-A7F3-45BE3AFA470A}
	EndGlobalSection
EndGlobal
