
Microsoft Visual Studio Solution File, Format Version 12.00
# Visual Studio 15
VisualStudioVersion = 15.0.28307.1738
MinimumVisualStudioVersion = 10.0.40219.1
Project("{FAE04EC0-301F-11D3-BF4B-00C04F79EFBC}") = "ConversorDeTemperatura", "ConversorDeTemperatura\ConversorDeTemperatura.csproj", "{607F3652-9EAD-48B4-BFC9-C176E56B07E2}"
EndProject
Global
	GlobalSection(SolutionConfigurationPlatforms) = preSolution
		Debug|Any CPU = Debug|Any CPU
		Release|Any CPU = Release|Any CPU
	EndGlobalSection
	GlobalSection(ProjectConfigurationPlatforms) = postSolution
		{607F3652-9EAD-48B4-BFC9-C176E56B07E2}.Debug|Any CPU.ActiveCfg = Debug|Any CPU
		{607F3652-9EAD-48B4-BFC9-C176E56B07E2}.Debug|Any CPU.Build.0 = Debug|Any CPU
		{607F3652-9EAD-48B4-BFC9-C176E56B07E2}.Release|Any CPU.ActiveCfg = Release|Any CPU
		{607F3652-9EAD-48B4-BFC9-C176E56B07E2}.Release|Any CPU.Build.0 = Release|Any CPU
	EndGlobalSection
	GlobalSection(SolutionProperties) = preSolution
		HideSolutionNode = FALSE
	EndGlobalSection
	GlobalSection(ExtensibilityGlobals) = postSolution
		SolutionGuid = {2A37DC7E-F357-42DC-91EE-3DDEDFFB9049}
	EndGlobalSection
EndGlobal
